
Microsoft Visual Studio Solution File, Format Version 12.00
# Visual Studio Version 16
VisualStudioVersion = 16.0.29102.190
MinimumVisualStudioVersion = 10.0.40219.1
Project("{2150E333-8FDC-42A3-9474-1A3956D46DE8}") = "ThirdParty", "ThirdParty", "{8C0D3CDA-75C5-4C16-88A4-408A83453FE2}"
EndProject
Project("{8BC9CEB8-8B4A-11D0-8D11-00A0C91BC942}") = "SDL2", "ThirdParty\SDL\VisualC\SDL\SDL.vcxproj", "{81CE8DAF-EBB2-4761-8E45-B71ABCCA8C68}"
EndProject
Project("{8BC9CEB8-8B4A-11D0-8D11-00A0C91BC942}") = "SDL2main", "ThirdParty\SDL\VisualC\SDLmain\SDLmain.vcxproj", "{DA956FD3-E142-46F2-9DD5-C78BEBB56B7A}"
EndProject
Project("{8BC9CEB8-8B4A-11D0-8D11-00A0C91BC942}") = "SDL2_image", "ThirdParty\SDL_image\VisualC\SDL_image.vcxproj", "{2BD5534E-00E2-4BEA-AC96-D9A92EA24696}"
EndProject
Project("{8BC9CEB8-8B4A-11D0-8D11-00A0C91BC942}") = "Common", "Common\Common.vcxproj", "{86076FDB-0F26-43A2-B6F0-FF35D76CF017}"
EndProject
Project("{8BC9CEB8-8B4A-11D0-8D11-00A0C91BC942}") = "Match3", "Match3\Match3.vcxproj", "{589D729B-67C5-43C3-9AA3-D151DE8C5663}"
EndProject
Project("{8BC9CEB8-8B4A-11D0-8D11-00A0C91BC942}") = "DirectXTK_Desktop_2019", "ThirdParty\DirectXTK\DirectXTK_Desktop_2019.vcxproj", "{E0B52AE7-E160-4D32-BF3F-910B785E5A8E}"
EndProject
Project("{8BC9CEB8-8B4A-11D0-8D11-00A0C91BC942}") = "EASTL", "ThirdParty\EASTL\vcproj\EASTL.vcxproj", "{8B989DD1-455A-493C-8E07-52B9CB71329F}"
EndProject
Project("{8BC9CEB8-8B4A-11D0-8D11-00A0C91BC942}") = "GameTemplate", "GameTemplate\GameTemplate.vcxproj", "{55593061-F459-438E-BAEB-AA11B63E41DF}"
EndProject
Project("{8BC9CEB8-8B4A-11D0-8D11-00A0C91BC942}") = "GameTemplate_Test1", "GameTemplate_Test1\GameTemplate_Test1.vcxproj", "{A7D766FD-4666-4963-B16B-50D2B2321661}"
EndProject
Project("{8BC9CEB8-8B4A-11D0-8D11-00A0C91BC942}") = "FontRender", "FontRender\FontRender.vcxproj", "{44618BA0-A403-4280-9C90-1721A58F8D20}"
EndProject
Project("{8BC9CEB8-8B4A-11D0-8D11-00A0C91BC942}") = "Collections", "Collections\Collections.vcxproj", "{B09488E4-7A25-4664-ADCB-9B59416A7F66}"
EndProject
Project("{8BC9CEB8-8B4A-11D0-8D11-00A0C91BC942}") = "HashSet-Perf", "HashSet-Perf\HashSet-Perf.vcxproj", "{995B034C-87BB-43F9-8FD4-C971ADA26D74}"
EndProject
Project("{8BC9CEB8-8B4A-11D0-8D11-00A0C91BC942}") = "vstl-test", "vstl-test\vstl-test.vcxproj", "{2D5FBFFB-22E7-468A-A1E7-AA5066DF33D9}"
EndProject
Project("{8BC9CEB8-8B4A-11D0-8D11-00A0C91BC942}") = "vstl", "vstl\vstl.vcxproj", "{451B7064-2E18-4A24-935C-0BF0B109D38E}"
EndProject
Global
	GlobalSection(SolutionConfigurationPlatforms) = preSolution
		Debug|x64 = Debug|x64
		DebugInline|x64 = DebugInline|x64
		Release|x64 = Release|x64
	EndGlobalSection
	GlobalSection(ProjectConfigurationPlatforms) = postSolution
		{81CE8DAF-EBB2-4761-8E45-B71ABCCA8C68}.Debug|x64.ActiveCfg = Debug|x64
		{81CE8DAF-EBB2-4761-8E45-B71ABCCA8C68}.Debug|x64.Build.0 = Debug|x64
		{81CE8DAF-EBB2-4761-8E45-B71ABCCA8C68}.DebugInline|x64.ActiveCfg = DebugInlined|x64
		{81CE8DAF-EBB2-4761-8E45-B71ABCCA8C68}.DebugInline|x64.Build.0 = DebugInlined|x64
		{81CE8DAF-EBB2-4761-8E45-B71ABCCA8C68}.Release|x64.ActiveCfg = Release|x64
		{81CE8DAF-EBB2-4761-8E45-B71ABCCA8C68}.Release|x64.Build.0 = Release|x64
		{DA956FD3-E142-46F2-9DD5-C78BEBB56B7A}.Debug|x64.ActiveCfg = Debug|x64
		{DA956FD3-E142-46F2-9DD5-C78BEBB56B7A}.Debug|x64.Build.0 = Debug|x64
		{DA956FD3-E142-46F2-9DD5-C78BEBB56B7A}.DebugInline|x64.ActiveCfg = DebugInlined|x64
		{DA956FD3-E142-46F2-9DD5-C78BEBB56B7A}.DebugInline|x64.Build.0 = DebugInlined|x64
		{DA956FD3-E142-46F2-9DD5-C78BEBB56B7A}.Release|x64.ActiveCfg = Release|x64
		{DA956FD3-E142-46F2-9DD5-C78BEBB56B7A}.Release|x64.Build.0 = Release|x64
		{2BD5534E-00E2-4BEA-AC96-D9A92EA24696}.Debug|x64.ActiveCfg = Debug|x64
		{2BD5534E-00E2-4BEA-AC96-D9A92EA24696}.Debug|x64.Build.0 = Debug|x64
		{2BD5534E-00E2-4BEA-AC96-D9A92EA24696}.DebugInline|x64.ActiveCfg = DebugInlined|x64
		{2BD5534E-00E2-4BEA-AC96-D9A92EA24696}.DebugInline|x64.Build.0 = DebugInlined|x64
		{2BD5534E-00E2-4BEA-AC96-D9A92EA24696}.Release|x64.ActiveCfg = Release|x64
		{2BD5534E-00E2-4BEA-AC96-D9A92EA24696}.Release|x64.Build.0 = Release|x64
		{86076FDB-0F26-43A2-B6F0-FF35D76CF017}.Debug|x64.ActiveCfg = Debug|x64
		{86076FDB-0F26-43A2-B6F0-FF35D76CF017}.Debug|x64.Build.0 = Debug|x64
		{86076FDB-0F26-43A2-B6F0-FF35D76CF017}.DebugInline|x64.ActiveCfg = Debug|x64
		{86076FDB-0F26-43A2-B6F0-FF35D76CF017}.Release|x64.ActiveCfg = Release|x64
		{86076FDB-0F26-43A2-B6F0-FF35D76CF017}.Release|x64.Build.0 = Release|x64
		{589D729B-67C5-43C3-9AA3-D151DE8C5663}.Debug|x64.ActiveCfg = Debug|x64
		{589D729B-67C5-43C3-9AA3-D151DE8C5663}.Debug|x64.Build.0 = Debug|x64
		{589D729B-67C5-43C3-9AA3-D151DE8C5663}.DebugInline|x64.ActiveCfg = Debug|x64
		{589D729B-67C5-43C3-9AA3-D151DE8C5663}.Release|x64.ActiveCfg = Release|x64
		{589D729B-67C5-43C3-9AA3-D151DE8C5663}.Release|x64.Build.0 = Release|x64
		{E0B52AE7-E160-4D32-BF3F-910B785E5A8E}.Debug|x64.ActiveCfg = Debug|x64
		{E0B52AE7-E160-4D32-BF3F-910B785E5A8E}.Debug|x64.Build.0 = Debug|x64
		{E0B52AE7-E160-4D32-BF3F-910B785E5A8E}.DebugInline|x64.ActiveCfg = DebugInlined|x64
		{E0B52AE7-E160-4D32-BF3F-910B785E5A8E}.DebugInline|x64.Build.0 = DebugInlined|x64
		{E0B52AE7-E160-4D32-BF3F-910B785E5A8E}.Release|x64.ActiveCfg = Release|x64
		{E0B52AE7-E160-4D32-BF3F-910B785E5A8E}.Release|x64.Build.0 = Release|x64
		{8B989DD1-455A-493C-8E07-52B9CB71329F}.Debug|x64.ActiveCfg = Debug|x64
		{8B989DD1-455A-493C-8E07-52B9CB71329F}.Debug|x64.Build.0 = Debug|x64
		{8B989DD1-455A-493C-8E07-52B9CB71329F}.DebugInline|x64.ActiveCfg = DebugInlined|x64
		{8B989DD1-455A-493C-8E07-52B9CB71329F}.DebugInline|x64.Build.0 = DebugInlined|x64
		{8B989DD1-455A-493C-8E07-52B9CB71329F}.Release|x64.ActiveCfg = Release|x64
		{8B989DD1-455A-493C-8E07-52B9CB71329F}.Release|x64.Build.0 = Release|x64
		{55593061-F459-438E-BAEB-AA11B63E41DF}.Debug|x64.ActiveCfg = Debug|x64
		{55593061-F459-438E-BAEB-AA11B63E41DF}.Debug|x64.Build.0 = Debug|x64
		{55593061-F459-438E-BAEB-AA11B63E41DF}.DebugInline|x64.ActiveCfg = Debug|x64
		{55593061-F459-438E-BAEB-AA11B63E41DF}.Release|x64.ActiveCfg = Release|x64
		{55593061-F459-438E-BAEB-AA11B63E41DF}.Release|x64.Build.0 = Release|x64
		{A7D766FD-4666-4963-B16B-50D2B2321661}.Debug|x64.ActiveCfg = Debug|x64
		{A7D766FD-4666-4963-B16B-50D2B2321661}.Debug|x64.Build.0 = Debug|x64
		{A7D766FD-4666-4963-B16B-50D2B2321661}.DebugInline|x64.ActiveCfg = Debug|x64
		{A7D766FD-4666-4963-B16B-50D2B2321661}.Release|x64.ActiveCfg = Release|x64
		{A7D766FD-4666-4963-B16B-50D2B2321661}.Release|x64.Build.0 = Release|x64
		{44618BA0-A403-4280-9C90-1721A58F8D20}.Debug|x64.ActiveCfg = Debug|x64
		{44618BA0-A403-4280-9C90-1721A58F8D20}.Debug|x64.Build.0 = Debug|x64
		{44618BA0-A403-4280-9C90-1721A58F8D20}.DebugInline|x64.ActiveCfg = Debug|x64
		{44618BA0-A403-4280-9C90-1721A58F8D20}.Release|x64.ActiveCfg = Release|x64
		{44618BA0-A403-4280-9C90-1721A58F8D20}.Release|x64.Build.0 = Release|x64
		{B09488E4-7A25-4664-ADCB-9B59416A7F66}.Debug|x64.ActiveCfg = Debug|x64
		{B09488E4-7A25-4664-ADCB-9B59416A7F66}.Debug|x64.Build.0 = Debug|x64
		{B09488E4-7A25-4664-ADCB-9B59416A7F66}.DebugInline|x64.ActiveCfg = DebugInlined|x64
		{B09488E4-7A25-4664-ADCB-9B59416A7F66}.DebugInline|x64.Build.0 = DebugInlined|x64
		{B09488E4-7A25-4664-ADCB-9B59416A7F66}.Release|x64.ActiveCfg = Release|x64
		{B09488E4-7A25-4664-ADCB-9B59416A7F66}.Release|x64.Build.0 = Release|x64
		{995B034C-87BB-43F9-8FD4-C971ADA26D74}.Debug|x64.ActiveCfg = Debug|x64
		{995B034C-87BB-43F9-8FD4-C971ADA26D74}.Debug|x64.Build.0 = Debug|x64
		{995B034C-87BB-43F9-8FD4-C971ADA26D74}.DebugInline|x64.ActiveCfg = Debug|x64
		{995B034C-87BB-43F9-8FD4-C971ADA26D74}.DebugInline|x64.Build.0 = Debug|x64
		{995B034C-87BB-43F9-8FD4-C971ADA26D74}.Release|x64.ActiveCfg = Release|x64
		{995B034C-87BB-43F9-8FD4-C971ADA26D74}.Release|x64.Build.0 = Release|x64
		{2D5FBFFB-22E7-468A-A1E7-AA5066DF33D9}.Debug|x64.ActiveCfg = Debug|x64
		{2D5FBFFB-22E7-468A-A1E7-AA5066DF33D9}.Debug|x64.Build.0 = Debug|x64
		{2D5FBFFB-22E7-468A-A1E7-AA5066DF33D9}.DebugInline|x64.ActiveCfg = Debug|x64
		{2D5FBFFB-22E7-468A-A1E7-AA5066DF33D9}.DebugInline|x64.Build.0 = Debug|x64
		{2D5FBFFB-22E7-468A-A1E7-AA5066DF33D9}.Release|x64.ActiveCfg = Release|x64
		{2D5FBFFB-22E7-468A-A1E7-AA5066DF33D9}.Release|x64.Build.0 = Release|x64
		{451B7064-2E18-4A24-935C-0BF0B109D38E}.Debug|x64.ActiveCfg = Debug|x64
		{451B7064-2E18-4A24-935C-0BF0B109D38E}.Debug|x64.Build.0 = Debug|x64
		{451B7064-2E18-4A24-935C-0BF0B109D38E}.DebugInline|x64.ActiveCfg = Debug|x64
		{451B7064-2E18-4A24-935C-0BF0B109D38E}.DebugInline|x64.Build.0 = Debug|x64
		{451B7064-2E18-4A24-935C-0BF0B109D38E}.Release|x64.ActiveCfg = Release|x64
		{451B7064-2E18-4A24-935C-0BF0B109D38E}.Release|x64.Build.0 = Release|x64
	EndGlobalSection
	GlobalSection(SolutionProperties) = preSolution
		HideSolutionNode = FALSE
	EndGlobalSection
	GlobalSection(NestedProjects) = preSolution
		{81CE8DAF-EBB2-4761-8E45-B71ABCCA8C68} = {8C0D3CDA-75C5-4C16-88A4-408A83453FE2}
		{DA956FD3-E142-46F2-9DD5-C78BEBB56B7A} = {8C0D3CDA-75C5-4C16-88A4-408A83453FE2}
		{2BD5534E-00E2-4BEA-AC96-D9A92EA24696} = {8C0D3CDA-75C5-4C16-88A4-408A83453FE2}
		{E0B52AE7-E160-4D32-BF3F-910B785E5A8E} = {8C0D3CDA-75C5-4C16-88A4-408A83453FE2}
		{8B989DD1-455A-493C-8E07-52B9CB71329F} = {8C0D3CDA-75C5-4C16-88A4-408A83453FE2}
	EndGlobalSection
	GlobalSection(ExtensibilityGlobals) = postSolution
		SolutionGuid = {2ECA8ACD-8DF7-426B-8AA1-53015C00BCD4}
	EndGlobalSection
EndGlobal
