
Microsoft Visual Studio Solution File, Format Version 12.00
# Visual Studio Version 16
VisualStudioVersion = 16.0.29102.190
MinimumVisualStudioVersion = 10.0.40219.1
Project("{8BC9CEB8-8B4A-11D0-8D11-00A0C91BC942}") = "EndlessGems", "EndlessGems\EndlessGems.vcxproj", "{06FDF994-C6BC-4016-A2B2-B9A873F66F85}"
EndProject
Project("{2150E333-8FDC-42A3-9474-1A3956D46DE8}") = "ThirdParty", "ThirdParty", "{8C0D3CDA-75C5-4C16-88A4-408A83453FE2}"
EndProject
Project("{8BC9CEB8-8B4A-11D0-8D11-00A0C91BC942}") = "SDL2", "ThirdParty\SDL\VisualC\SDL\SDL.vcxproj", "{81CE8DAF-EBB2-4761-8E45-B71ABCCA8C68}"
EndProject
Project("{8BC9CEB8-8B4A-11D0-8D11-00A0C91BC942}") = "SDL2main", "ThirdParty\SDL\VisualC\SDLmain\SDLmain.vcxproj", "{DA956FD3-E142-46F2-9DD5-C78BEBB56B7A}"
EndProject
Project("{8BC9CEB8-8B4A-11D0-8D11-00A0C91BC942}") = "SDL2_image", "ThirdParty\SDL_image\VisualC\SDL_image.vcxproj", "{2BD5534E-00E2-4BEA-AC96-D9A92EA24696}"
EndProject
Project("{8BC9CEB8-8B4A-11D0-8D11-00A0C91BC942}") = "Collections", "Collections\Collections.vcxproj", "{185A0569-DA75-4687-8478-840AC70FB8CC}"
EndProject
Project("{8BC9CEB8-8B4A-11D0-8D11-00A0C91BC942}") = "StackWalk", "StackWalk\StackWalk.vcxproj", "{767EE1EC-29A4-4B88-8846-FE9E27FCC73A}"
EndProject
Project("{8BC9CEB8-8B4A-11D0-8D11-00A0C91BC942}") = "SpriteRenderer", "SpriteRenderer\SpriteRenderer.vcxproj", "{8DB3FB04-859F-4909-9F38-5691126C9C08}"
EndProject
Project("{8BC9CEB8-8B4A-11D0-8D11-00A0C91BC942}") = "Common", "Common\Common.vcxproj", "{86076FDB-0F26-43A2-B6F0-FF35D76CF017}"
EndProject
Project("{8BC9CEB8-8B4A-11D0-8D11-00A0C91BC942}") = "EntityComponentSystem", "EntityComponentSystem\EntityComponentSystem.vcxproj", "{5419C76C-8B4D-46B5-8B23-5811A74D90EE}"
EndProject
Project("{8BC9CEB8-8B4A-11D0-8D11-00A0C91BC942}") = "EASTL", "EASTL\EASTL.vcxproj", "{8B989DD1-455A-493C-8E07-52B9CB71329F}"
EndProject
Project("{8BC9CEB8-8B4A-11D0-8D11-00A0C91BC942}") = "SparseArray", "SparseArray\SparseArray.vcxproj", "{E3AE60CF-76B7-4B45-B90C-8E723C46AC23}"
EndProject
Project("{8BC9CEB8-8B4A-11D0-8D11-00A0C91BC942}") = "Match3", "Match3\Match3.vcxproj", "{589D729B-67C5-43C3-9AA3-D151DE8C5663}"
EndProject
Global
	GlobalSection(SolutionConfigurationPlatforms) = preSolution
		Debug|x64 = Debug|x64
		Debug|x86 = Debug|x86
		Release|x64 = Release|x64
		Release|x86 = Release|x86
	EndGlobalSection
	GlobalSection(ProjectConfigurationPlatforms) = postSolution
		{06FDF994-C6BC-4016-A2B2-B9A873F66F85}.Debug|x64.ActiveCfg = Debug|x64
		{06FDF994-C6BC-4016-A2B2-B9A873F66F85}.Debug|x64.Build.0 = Debug|x64
		{06FDF994-C6BC-4016-A2B2-B9A873F66F85}.Debug|x86.ActiveCfg = Debug|Win32
		{06FDF994-C6BC-4016-A2B2-B9A873F66F85}.Debug|x86.Build.0 = Debug|Win32
		{06FDF994-C6BC-4016-A2B2-B9A873F66F85}.Release|x64.ActiveCfg = Release|x64
		{06FDF994-C6BC-4016-A2B2-B9A873F66F85}.Release|x64.Build.0 = Release|x64
		{06FDF994-C6BC-4016-A2B2-B9A873F66F85}.Release|x86.ActiveCfg = Release|Win32
		{06FDF994-C6BC-4016-A2B2-B9A873F66F85}.Release|x86.Build.0 = Release|Win32
		{81CE8DAF-EBB2-4761-8E45-B71ABCCA8C68}.Debug|x64.ActiveCfg = Debug|x64
		{81CE8DAF-EBB2-4761-8E45-B71ABCCA8C68}.Debug|x64.Build.0 = Debug|x64
		{81CE8DAF-EBB2-4761-8E45-B71ABCCA8C68}.Debug|x86.ActiveCfg = Debug|Win32
		{81CE8DAF-EBB2-4761-8E45-B71ABCCA8C68}.Debug|x86.Build.0 = Debug|Win32
		{81CE8DAF-EBB2-4761-8E45-B71ABCCA8C68}.Release|x64.ActiveCfg = Release|x64
		{81CE8DAF-EBB2-4761-8E45-B71ABCCA8C68}.Release|x64.Build.0 = Release|x64
		{81CE8DAF-EBB2-4761-8E45-B71ABCCA8C68}.Release|x86.ActiveCfg = Release|Win32
		{81CE8DAF-EBB2-4761-8E45-B71ABCCA8C68}.Release|x86.Build.0 = Release|Win32
		{DA956FD3-E142-46F2-9DD5-C78BEBB56B7A}.Debug|x64.ActiveCfg = Debug|x64
		{DA956FD3-E142-46F2-9DD5-C78BEBB56B7A}.Debug|x64.Build.0 = Debug|x64
		{DA956FD3-E142-46F2-9DD5-C78BEBB56B7A}.Debug|x86.ActiveCfg = Debug|Win32
		{DA956FD3-E142-46F2-9DD5-C78BEBB56B7A}.Debug|x86.Build.0 = Debug|Win32
		{DA956FD3-E142-46F2-9DD5-C78BEBB56B7A}.Release|x64.ActiveCfg = Release|x64
		{DA956FD3-E142-46F2-9DD5-C78BEBB56B7A}.Release|x64.Build.0 = Release|x64
		{DA956FD3-E142-46F2-9DD5-C78BEBB56B7A}.Release|x86.ActiveCfg = Release|Win32
		{DA956FD3-E142-46F2-9DD5-C78BEBB56B7A}.Release|x86.Build.0 = Release|Win32
		{2BD5534E-00E2-4BEA-AC96-D9A92EA24696}.Debug|x64.ActiveCfg = Debug|x64
		{2BD5534E-00E2-4BEA-AC96-D9A92EA24696}.Debug|x64.Build.0 = Debug|x64
		{2BD5534E-00E2-4BEA-AC96-D9A92EA24696}.Debug|x86.ActiveCfg = Debug|Win32
		{2BD5534E-00E2-4BEA-AC96-D9A92EA24696}.Debug|x86.Build.0 = Debug|Win32
		{2BD5534E-00E2-4BEA-AC96-D9A92EA24696}.Release|x64.ActiveCfg = Release|x64
		{2BD5534E-00E2-4BEA-AC96-D9A92EA24696}.Release|x64.Build.0 = Release|x64
		{2BD5534E-00E2-4BEA-AC96-D9A92EA24696}.Release|x86.ActiveCfg = Release|Win32
		{2BD5534E-00E2-4BEA-AC96-D9A92EA24696}.Release|x86.Build.0 = Release|Win32
		{185A0569-DA75-4687-8478-840AC70FB8CC}.Debug|x64.ActiveCfg = Debug|x64
		{185A0569-DA75-4687-8478-840AC70FB8CC}.Debug|x64.Build.0 = Debug|x64
		{185A0569-DA75-4687-8478-840AC70FB8CC}.Debug|x86.ActiveCfg = Debug|Win32
		{185A0569-DA75-4687-8478-840AC70FB8CC}.Debug|x86.Build.0 = Debug|Win32
		{185A0569-DA75-4687-8478-840AC70FB8CC}.Release|x64.ActiveCfg = Release|x64
		{185A0569-DA75-4687-8478-840AC70FB8CC}.Release|x64.Build.0 = Release|x64
		{185A0569-DA75-4687-8478-840AC70FB8CC}.Release|x86.ActiveCfg = Release|Win32
		{185A0569-DA75-4687-8478-840AC70FB8CC}.Release|x86.Build.0 = Release|Win32
		{767EE1EC-29A4-4B88-8846-FE9E27FCC73A}.Debug|x64.ActiveCfg = Debug|x64
		{767EE1EC-29A4-4B88-8846-FE9E27FCC73A}.Debug|x64.Build.0 = Debug|x64
		{767EE1EC-29A4-4B88-8846-FE9E27FCC73A}.Debug|x86.ActiveCfg = Debug|Win32
		{767EE1EC-29A4-4B88-8846-FE9E27FCC73A}.Debug|x86.Build.0 = Debug|Win32
		{767EE1EC-29A4-4B88-8846-FE9E27FCC73A}.Release|x64.ActiveCfg = Release|x64
		{767EE1EC-29A4-4B88-8846-FE9E27FCC73A}.Release|x64.Build.0 = Release|x64
		{767EE1EC-29A4-4B88-8846-FE9E27FCC73A}.Release|x86.ActiveCfg = Release|Win32
		{767EE1EC-29A4-4B88-8846-FE9E27FCC73A}.Release|x86.Build.0 = Release|Win32
		{8DB3FB04-859F-4909-9F38-5691126C9C08}.Debug|x64.ActiveCfg = Debug|x64
		{8DB3FB04-859F-4909-9F38-5691126C9C08}.Debug|x64.Build.0 = Debug|x64
		{8DB3FB04-859F-4909-9F38-5691126C9C08}.Debug|x86.ActiveCfg = Debug|Win32
		{8DB3FB04-859F-4909-9F38-5691126C9C08}.Debug|x86.Build.0 = Debug|Win32
		{8DB3FB04-859F-4909-9F38-5691126C9C08}.Release|x64.ActiveCfg = Release|x64
		{8DB3FB04-859F-4909-9F38-5691126C9C08}.Release|x64.Build.0 = Release|x64
		{8DB3FB04-859F-4909-9F38-5691126C9C08}.Release|x86.ActiveCfg = Release|Win32
		{8DB3FB04-859F-4909-9F38-5691126C9C08}.Release|x86.Build.0 = Release|Win32
		{86076FDB-0F26-43A2-B6F0-FF35D76CF017}.Debug|x64.ActiveCfg = Debug|x64
		{86076FDB-0F26-43A2-B6F0-FF35D76CF017}.Debug|x64.Build.0 = Debug|x64
		{86076FDB-0F26-43A2-B6F0-FF35D76CF017}.Debug|x86.ActiveCfg = Debug|Win32
		{86076FDB-0F26-43A2-B6F0-FF35D76CF017}.Debug|x86.Build.0 = Debug|Win32
		{86076FDB-0F26-43A2-B6F0-FF35D76CF017}.Release|x64.ActiveCfg = Release|x64
		{86076FDB-0F26-43A2-B6F0-FF35D76CF017}.Release|x64.Build.0 = Release|x64
		{86076FDB-0F26-43A2-B6F0-FF35D76CF017}.Release|x86.ActiveCfg = Release|Win32
		{86076FDB-0F26-43A2-B6F0-FF35D76CF017}.Release|x86.Build.0 = Release|Win32
		{5419C76C-8B4D-46B5-8B23-5811A74D90EE}.Debug|x64.ActiveCfg = Debug|x64
		{5419C76C-8B4D-46B5-8B23-5811A74D90EE}.Debug|x64.Build.0 = Debug|x64
		{5419C76C-8B4D-46B5-8B23-5811A74D90EE}.Debug|x86.ActiveCfg = Debug|Win32
		{5419C76C-8B4D-46B5-8B23-5811A74D90EE}.Debug|x86.Build.0 = Debug|Win32
		{5419C76C-8B4D-46B5-8B23-5811A74D90EE}.Release|x64.ActiveCfg = Release|x64
		{5419C76C-8B4D-46B5-8B23-5811A74D90EE}.Release|x64.Build.0 = Release|x64
		{5419C76C-8B4D-46B5-8B23-5811A74D90EE}.Release|x86.ActiveCfg = Release|Win32
		{5419C76C-8B4D-46B5-8B23-5811A74D90EE}.Release|x86.Build.0 = Release|Win32
		{8B989DD1-455A-493C-8E07-52B9CB71329F}.Debug|x64.ActiveCfg = Debug|x64
		{8B989DD1-455A-493C-8E07-52B9CB71329F}.Debug|x64.Build.0 = Debug|x64
		{8B989DD1-455A-493C-8E07-52B9CB71329F}.Debug|x86.ActiveCfg = Debug|Win32
		{8B989DD1-455A-493C-8E07-52B9CB71329F}.Debug|x86.Build.0 = Debug|Win32
		{8B989DD1-455A-493C-8E07-52B9CB71329F}.Release|x64.ActiveCfg = Release|x64
		{8B989DD1-455A-493C-8E07-52B9CB71329F}.Release|x64.Build.0 = Release|x64
		{8B989DD1-455A-493C-8E07-52B9CB71329F}.Release|x86.ActiveCfg = Release|Win32
		{8B989DD1-455A-493C-8E07-52B9CB71329F}.Release|x86.Build.0 = Release|Win32
		{E3AE60CF-76B7-4B45-B90C-8E723C46AC23}.Debug|x64.ActiveCfg = Debug|x64
		{E3AE60CF-76B7-4B45-B90C-8E723C46AC23}.Debug|x64.Build.0 = Debug|x64
		{E3AE60CF-76B7-4B45-B90C-8E723C46AC23}.Debug|x86.ActiveCfg = Debug|Win32
		{E3AE60CF-76B7-4B45-B90C-8E723C46AC23}.Debug|x86.Build.0 = Debug|Win32
		{E3AE60CF-76B7-4B45-B90C-8E723C46AC23}.Release|x64.ActiveCfg = Release|x64
		{E3AE60CF-76B7-4B45-B90C-8E723C46AC23}.Release|x64.Build.0 = Release|x64
		{E3AE60CF-76B7-4B45-B90C-8E723C46AC23}.Release|x86.ActiveCfg = Release|Win32
		{E3AE60CF-76B7-4B45-B90C-8E723C46AC23}.Release|x86.Build.0 = Release|Win32
		{589D729B-67C5-43C3-9AA3-D151DE8C5663}.Debug|x64.ActiveCfg = Debug|x64
		{589D729B-67C5-43C3-9AA3-D151DE8C5663}.Debug|x64.Build.0 = Debug|x64
		{589D729B-67C5-43C3-9AA3-D151DE8C5663}.Debug|x86.ActiveCfg = Debug|Win32
		{589D729B-67C5-43C3-9AA3-D151DE8C5663}.Debug|x86.Build.0 = Debug|Win32
		{589D729B-67C5-43C3-9AA3-D151DE8C5663}.Release|x64.ActiveCfg = Release|x64
		{589D729B-67C5-43C3-9AA3-D151DE8C5663}.Release|x64.Build.0 = Release|x64
		{589D729B-67C5-43C3-9AA3-D151DE8C5663}.Release|x86.ActiveCfg = Release|Win32
		{589D729B-67C5-43C3-9AA3-D151DE8C5663}.Release|x86.Build.0 = Release|Win32
	EndGlobalSection
	GlobalSection(SolutionProperties) = preSolution
		HideSolutionNode = FALSE
	EndGlobalSection
	GlobalSection(NestedProjects) = preSolution
		{81CE8DAF-EBB2-4761-8E45-B71ABCCA8C68} = {8C0D3CDA-75C5-4C16-88A4-408A83453FE2}
		{DA956FD3-E142-46F2-9DD5-C78BEBB56B7A} = {8C0D3CDA-75C5-4C16-88A4-408A83453FE2}
		{2BD5534E-00E2-4BEA-AC96-D9A92EA24696} = {8C0D3CDA-75C5-4C16-88A4-408A83453FE2}
		{8B989DD1-455A-493C-8E07-52B9CB71329F} = {8C0D3CDA-75C5-4C16-88A4-408A83453FE2}
	EndGlobalSection
	GlobalSection(ExtensibilityGlobals) = postSolution
		SolutionGuid = {2ECA8ACD-8DF7-426B-8AA1-53015C00BCD4}
	EndGlobalSection
EndGlobal
